// !$*UTF8*$!
{
	archiveVersion = 1;
	classes = {
	};
	objectVersion = 50;
	objects = {

/* Begin PBXBuildFile section */
		971B3E3621E6000B007845F0 /* WalletChangePWVC.m in Sources */ = {isa = PBXBuildFile; fileRef = 971B3E1B21E6000B007845F0 /* WalletChangePWVC.m */; };
		971B3E3721E6000B007845F0 /* WalletDetailVC.m in Sources */ = {isa = PBXBuildFile; fileRef = 971B3E1C21E6000B007845F0 /* WalletDetailVC.m */; };
		971B3E3821E6000B007845F0 /* WalletMoreInfoVC.m in Sources */ = {isa = PBXBuildFile; fileRef = 971B3E1D21E6000B007845F0 /* WalletMoreInfoVC.m */; };
		971B3E3921E6000B007845F0 /* WalletMoreInfoVC.xib in Resources */ = {isa = PBXBuildFile; fileRef = 971B3E1E21E6000B007845F0 /* WalletMoreInfoVC.xib */; };
		971B3E3A21E6000B007845F0 /* WalletDetailVC.xib in Resources */ = {isa = PBXBuildFile; fileRef = 971B3E1F21E6000B007845F0 /* WalletDetailVC.xib */; };
		971B3E3B21E6000B007845F0 /* WalletChangePWVC.xib in Resources */ = {isa = PBXBuildFile; fileRef = 971B3E2321E6000B007845F0 /* WalletChangePWVC.xib */; };
		971B3E3C21E6000B007845F0 /* WalletCreatVC.m in Sources */ = {isa = PBXBuildFile; fileRef = 971B3E2521E6000B007845F0 /* WalletCreatVC.m */; };
		971B3E3D21E6000B007845F0 /* WalletCreatVC.xib in Resources */ = {isa = PBXBuildFile; fileRef = 971B3E2621E6000B007845F0 /* WalletCreatVC.xib */; };
		971B3E3E21E6000B007845F0 /* WalletTransferVC.xib in Resources */ = {isa = PBXBuildFile; fileRef = 971B3E2921E6000B007845F0 /* WalletTransferVC.xib */; };
		971B3E3F21E6000B007845F0 /* WalletTransferVC.m in Sources */ = {isa = PBXBuildFile; fileRef = 971B3E2A21E6000B007845F0 /* WalletTransferVC.m */; };
		971B3E4021E6000B007845F0 /* WalletRecoverMainVC.xib in Resources */ = {isa = PBXBuildFile; fileRef = 971B3E2F21E6000B007845F0 /* WalletRecoverMainVC.xib */; };
		971B3E4121E6000B007845F0 /* WalletKeystoreImportVC.xib in Resources */ = {isa = PBXBuildFile; fileRef = 971B3E3121E6000B007845F0 /* WalletKeystoreImportVC.xib */; };
		971B3E4221E6000B007845F0 /* WalletMnemonicImportVC.xib in Resources */ = {isa = PBXBuildFile; fileRef = 971B3E3221E6000B007845F0 /* WalletMnemonicImportVC.xib */; };
		971B3E4321E6000B007845F0 /* WalletRecoverMainVC.m in Sources */ = {isa = PBXBuildFile; fileRef = 971B3E3321E6000B007845F0 /* WalletRecoverMainVC.m */; };
		971B3E4421E6000B007845F0 /* WalletKeystoreImportVC.m in Sources */ = {isa = PBXBuildFile; fileRef = 971B3E3421E6000B007845F0 /* WalletKeystoreImportVC.m */; };
		971B3E4521E6000B007845F0 /* WalletMnemonicImportVC.m in Sources */ = {isa = PBXBuildFile; fileRef = 971B3E3521E6000B007845F0 /* WalletMnemonicImportVC.m */; };
		97468F362201CBE30092DF07 /* WalletAddServerVC.m in Sources */ = {isa = PBXBuildFile; fileRef = 97468F2B2201CBE30092DF07 /* WalletAddServerVC.m */; };
		97468F372201CBE30092DF07 /* WalletAddNetVC.xib in Resources */ = {isa = PBXBuildFile; fileRef = 97468F2C2201CBE30092DF07 /* WalletAddNetVC.xib */; };
		97468F382201CBE30092DF07 /* WalletCoverView.m in Sources */ = {isa = PBXBuildFile; fileRef = 97468F2F2201CBE30092DF07 /* WalletCoverView.m */; };
		97468F392201CBE30092DF07 /* WalletServerDetailVC.xib in Resources */ = {isa = PBXBuildFile; fileRef = 97468F312201CBE30092DF07 /* WalletServerDetailVC.xib */; };
		97468F3A2201CBE30092DF07 /* WalletServerDetailVC.m in Sources */ = {isa = PBXBuildFile; fileRef = 97468F322201CBE30092DF07 /* WalletServerDetailVC.m */; };
		9747227720EDE9F800F9EAB3 /* AppDelegate.m in Sources */ = {isa = PBXBuildFile; fileRef = 9747227620EDE9F800F9EAB3 /* AppDelegate.m */; };
		9747227A20EDE9F800F9EAB3 /* ViewController.m in Sources */ = {isa = PBXBuildFile; fileRef = 9747227920EDE9F800F9EAB3 /* ViewController.m */; };
		9747227D20EDE9F800F9EAB3 /* Main.storyboard in Resources */ = {isa = PBXBuildFile; fileRef = 9747227B20EDE9F800F9EAB3 /* Main.storyboard */; };
		9747227F20EDE9FA00F9EAB3 /* Assets.xcassets in Resources */ = {isa = PBXBuildFile; fileRef = 9747227E20EDE9FA00F9EAB3 /* Assets.xcassets */; };
		9747228220EDE9FA00F9EAB3 /* LaunchScreen.storyboard in Resources */ = {isa = PBXBuildFile; fileRef = 9747228020EDE9FA00F9EAB3 /* LaunchScreen.storyboard */; };
		9747228520EDE9FA00F9EAB3 /* main.m in Sources */ = {isa = PBXBuildFile; fileRef = 9747228420EDE9FA00F9EAB3 /* main.m */; };
		9747228F20EDE9FA00F9EAB3 /* walletTests.m in Sources */ = {isa = PBXBuildFile; fileRef = 9747228E20EDE9FA00F9EAB3 /* walletTests.m */; };
		9747229A20EDE9FA00F9EAB3 /* walletUITests.m in Sources */ = {isa = PBXBuildFile; fileRef = 9747229920EDE9FA00F9EAB3 /* walletUITests.m */; };
		975747582200573E0046C8A0 /* WebViewVC.m in Sources */ = {isa = PBXBuildFile; fileRef = 975747562200573E0046C8A0 /* WebViewVC.m */; };
		975747592200573E0046C8A0 /* WebViewVC.xib in Resources */ = {isa = PBXBuildFile; fileRef = 975747572200573E0046C8A0 /* WebViewVC.xib */; };
		9773F8512213B22B00DF5972 /* WalletSDKBundle.bundle in Resources */ = {isa = PBXBuildFile; fileRef = 9773F84D2213B22B00DF5972 /* WalletSDKBundle.bundle */; };
		9773F86C22140F1D00DF5972 /* WalletSDK.framework in Frameworks */ = {isa = PBXBuildFile; fileRef = 9773F86722140EFE00DF5972 /* WalletSDK.framework */; };
/* End PBXBuildFile section */

/* Begin PBXContainerItemProxy section */
		9747228B20EDE9FA00F9EAB3 /* PBXContainerItemProxy */ = {
			isa = PBXContainerItemProxy;
			containerPortal = 9747226A20EDE9F800F9EAB3 /* Project object */;
			proxyType = 1;
			remoteGlobalIDString = 9747227120EDE9F800F9EAB3;
			remoteInfo = wallet;
		};
		9747229620EDE9FA00F9EAB3 /* PBXContainerItemProxy */ = {
			isa = PBXContainerItemProxy;
			containerPortal = 9747226A20EDE9F800F9EAB3 /* Project object */;
			proxyType = 1;
			remoteGlobalIDString = 9747227120EDE9F800F9EAB3;
			remoteInfo = wallet;
		};
		9773F86622140EFE00DF5972 /* PBXContainerItemProxy */ = {
			isa = PBXContainerItemProxy;
			containerPortal = 9773F86022140EFE00DF5972 /* WalletSDK.xcodeproj */;
			proxyType = 2;
			remoteGlobalIDString = E2317E631E3191AC00DBE3E4;
			remoteInfo = WalletSDK;
		};
		9773F86822140EFE00DF5972 /* PBXContainerItemProxy */ = {
			isa = PBXContainerItemProxy;
			containerPortal = 9773F86022140EFE00DF5972 /* WalletSDK.xcodeproj */;
			proxyType = 2;
			remoteGlobalIDString = E2317E6C1E3191AC00DBE3E4;
			remoteInfo = WalletSDKTests;
		};
		9773F86A22140EFE00DF5972 /* PBXContainerItemProxy */ = {
			isa = PBXContainerItemProxy;
			containerPortal = 9773F86022140EFE00DF5972 /* WalletSDK.xcodeproj */;
			proxyType = 2;
			remoteGlobalIDString = 4143ED9E22019AC50056C08A;
			remoteInfo = WalletSDKBundle;
		};
/* End PBXContainerItemProxy section */

/* Begin PBXFileReference section */
		971B3E1B21E6000B007845F0 /* WalletChangePWVC.m */ = {isa = PBXFileReference; fileEncoding = 4; lastKnownFileType = sourcecode.c.objc; path = WalletChangePWVC.m; sourceTree = "<group>"; };
		971B3E1C21E6000B007845F0 /* WalletDetailVC.m */ = {isa = PBXFileReference; fileEncoding = 4; lastKnownFileType = sourcecode.c.objc; path = WalletDetailVC.m; sourceTree = "<group>"; };
		971B3E1D21E6000B007845F0 /* WalletMoreInfoVC.m */ = {isa = PBXFileReference; fileEncoding = 4; lastKnownFileType = sourcecode.c.objc; path = WalletMoreInfoVC.m; sourceTree = "<group>"; };
		971B3E1E21E6000B007845F0 /* WalletMoreInfoVC.xib */ = {isa = PBXFileReference; fileEncoding = 4; lastKnownFileType = file.xib; path = WalletMoreInfoVC.xib; sourceTree = "<group>"; };
		971B3E1F21E6000B007845F0 /* WalletDetailVC.xib */ = {isa = PBXFileReference; fileEncoding = 4; lastKnownFileType = file.xib; path = WalletDetailVC.xib; sourceTree = "<group>"; };
		971B3E2021E6000B007845F0 /* WalletMoreInfoVC.h */ = {isa = PBXFileReference; fileEncoding = 4; lastKnownFileType = sourcecode.c.h; path = WalletMoreInfoVC.h; sourceTree = "<group>"; };
		971B3E2121E6000B007845F0 /* WalletDetailVC.h */ = {isa = PBXFileReference; fileEncoding = 4; lastKnownFileType = sourcecode.c.h; path = WalletDetailVC.h; sourceTree = "<group>"; };
		971B3E2221E6000B007845F0 /* WalletChangePWVC.h */ = {isa = PBXFileReference; fileEncoding = 4; lastKnownFileType = sourcecode.c.h; path = WalletChangePWVC.h; sourceTree = "<group>"; };
		971B3E2321E6000B007845F0 /* WalletChangePWVC.xib */ = {isa = PBXFileReference; fileEncoding = 4; lastKnownFileType = file.xib; path = WalletChangePWVC.xib; sourceTree = "<group>"; };
		971B3E2521E6000B007845F0 /* WalletCreatVC.m */ = {isa = PBXFileReference; fileEncoding = 4; lastKnownFileType = sourcecode.c.objc; path = WalletCreatVC.m; sourceTree = "<group>"; };
		971B3E2621E6000B007845F0 /* WalletCreatVC.xib */ = {isa = PBXFileReference; fileEncoding = 4; lastKnownFileType = file.xib; path = WalletCreatVC.xib; sourceTree = "<group>"; };
		971B3E2721E6000B007845F0 /* WalletCreatVC.h */ = {isa = PBXFileReference; fileEncoding = 4; lastKnownFileType = sourcecode.c.h; path = WalletCreatVC.h; sourceTree = "<group>"; };
		971B3E2921E6000B007845F0 /* WalletTransferVC.xib */ = {isa = PBXFileReference; fileEncoding = 4; lastKnownFileType = file.xib; path = WalletTransferVC.xib; sourceTree = "<group>"; };
		971B3E2A21E6000B007845F0 /* WalletTransferVC.m */ = {isa = PBXFileReference; fileEncoding = 4; lastKnownFileType = sourcecode.c.objc; path = WalletTransferVC.m; sourceTree = "<group>"; };
		971B3E2B21E6000B007845F0 /* WalletTransferVC.h */ = {isa = PBXFileReference; fileEncoding = 4; lastKnownFileType = sourcecode.c.h; path = WalletTransferVC.h; sourceTree = "<group>"; };
		971B3E2D21E6000B007845F0 /* WalletKeystoreImportVC.h */ = {isa = PBXFileReference; fileEncoding = 4; lastKnownFileType = sourcecode.c.h; path = WalletKeystoreImportVC.h; sourceTree = "<group>"; };
		971B3E2E21E6000B007845F0 /* WalletRecoverMainVC.h */ = {isa = PBXFileReference; fileEncoding = 4; lastKnownFileType = sourcecode.c.h; path = WalletRecoverMainVC.h; sourceTree = "<group>"; };
		971B3E2F21E6000B007845F0 /* WalletRecoverMainVC.xib */ = {isa = PBXFileReference; fileEncoding = 4; lastKnownFileType = file.xib; path = WalletRecoverMainVC.xib; sourceTree = "<group>"; };
		971B3E3021E6000B007845F0 /* WalletMnemonicImportVC.h */ = {isa = PBXFileReference; fileEncoding = 4; lastKnownFileType = sourcecode.c.h; path = WalletMnemonicImportVC.h; sourceTree = "<group>"; };
		971B3E3121E6000B007845F0 /* WalletKeystoreImportVC.xib */ = {isa = PBXFileReference; fileEncoding = 4; lastKnownFileType = file.xib; path = WalletKeystoreImportVC.xib; sourceTree = "<group>"; };
		971B3E3221E6000B007845F0 /* WalletMnemonicImportVC.xib */ = {isa = PBXFileReference; fileEncoding = 4; lastKnownFileType = file.xib; path = WalletMnemonicImportVC.xib; sourceTree = "<group>"; };
		971B3E3321E6000B007845F0 /* WalletRecoverMainVC.m */ = {isa = PBXFileReference; fileEncoding = 4; lastKnownFileType = sourcecode.c.objc; path = WalletRecoverMainVC.m; sourceTree = "<group>"; };
		971B3E3421E6000B007845F0 /* WalletKeystoreImportVC.m */ = {isa = PBXFileReference; fileEncoding = 4; lastKnownFileType = sourcecode.c.objc; path = WalletKeystoreImportVC.m; sourceTree = "<group>"; };
		971B3E3521E6000B007845F0 /* WalletMnemonicImportVC.m */ = {isa = PBXFileReference; fileEncoding = 4; lastKnownFileType = sourcecode.c.objc; path = WalletMnemonicImportVC.m; sourceTree = "<group>"; };
		97468F2B2201CBE30092DF07 /* WalletAddServerVC.m */ = {isa = PBXFileReference; fileEncoding = 4; lastKnownFileType = sourcecode.c.objc; path = WalletAddServerVC.m; sourceTree = "<group>"; };
		97468F2C2201CBE30092DF07 /* WalletAddNetVC.xib */ = {isa = PBXFileReference; fileEncoding = 4; lastKnownFileType = file.xib; path = WalletAddNetVC.xib; sourceTree = "<group>"; };
		97468F2D2201CBE30092DF07 /* WalletCoverView.h */ = {isa = PBXFileReference; fileEncoding = 4; lastKnownFileType = sourcecode.c.h; path = WalletCoverView.h; sourceTree = "<group>"; };
		97468F2E2201CBE30092DF07 /* WalletServerDetailVC.h */ = {isa = PBXFileReference; fileEncoding = 4; lastKnownFileType = sourcecode.c.h; path = WalletServerDetailVC.h; sourceTree = "<group>"; };
		97468F2F2201CBE30092DF07 /* WalletCoverView.m */ = {isa = PBXFileReference; fileEncoding = 4; lastKnownFileType = sourcecode.c.objc; path = WalletCoverView.m; sourceTree = "<group>"; };
		97468F302201CBE30092DF07 /* WalletAddServerVC.h */ = {isa = PBXFileReference; fileEncoding = 4; lastKnownFileType = sourcecode.c.h; path = WalletAddServerVC.h; sourceTree = "<group>"; };
		97468F312201CBE30092DF07 /* WalletServerDetailVC.xib */ = {isa = PBXFileReference; fileEncoding = 4; lastKnownFileType = file.xib; path = WalletServerDetailVC.xib; sourceTree = "<group>"; };
		97468F322201CBE30092DF07 /* WalletServerDetailVC.m */ = {isa = PBXFileReference; fileEncoding = 4; lastKnownFileType = sourcecode.c.objc; path = WalletServerDetailVC.m; sourceTree = "<group>"; };
		9747227220EDE9F800F9EAB3 /* WalletSDKDemo.app */ = {isa = PBXFileReference; explicitFileType = wrapper.application; includeInIndex = 0; path = WalletSDKDemo.app; sourceTree = BUILT_PRODUCTS_DIR; };
		9747227520EDE9F800F9EAB3 /* AppDelegate.h */ = {isa = PBXFileReference; lastKnownFileType = sourcecode.c.h; path = AppDelegate.h; sourceTree = "<group>"; };
		9747227620EDE9F800F9EAB3 /* AppDelegate.m */ = {isa = PBXFileReference; lastKnownFileType = sourcecode.c.objc; path = AppDelegate.m; sourceTree = "<group>"; };
		9747227820EDE9F800F9EAB3 /* ViewController.h */ = {isa = PBXFileReference; lastKnownFileType = sourcecode.c.h; path = ViewController.h; sourceTree = "<group>"; };
		9747227920EDE9F800F9EAB3 /* ViewController.m */ = {isa = PBXFileReference; lastKnownFileType = sourcecode.c.objc; path = ViewController.m; sourceTree = "<group>"; };
		9747227C20EDE9F800F9EAB3 /* Base */ = {isa = PBXFileReference; lastKnownFileType = file.storyboard; name = Base; path = Base.lproj/Main.storyboard; sourceTree = "<group>"; };
		9747227E20EDE9FA00F9EAB3 /* Assets.xcassets */ = {isa = PBXFileReference; lastKnownFileType = folder.assetcatalog; path = Assets.xcassets; sourceTree = "<group>"; };
		9747228120EDE9FA00F9EAB3 /* Base */ = {isa = PBXFileReference; lastKnownFileType = file.storyboard; name = Base; path = Base.lproj/LaunchScreen.storyboard; sourceTree = "<group>"; };
		9747228320EDE9FA00F9EAB3 /* Info.plist */ = {isa = PBXFileReference; lastKnownFileType = text.plist.xml; path = Info.plist; sourceTree = "<group>"; };
		9747228420EDE9FA00F9EAB3 /* main.m */ = {isa = PBXFileReference; lastKnownFileType = sourcecode.c.objc; path = main.m; sourceTree = "<group>"; };
		9747228A20EDE9FA00F9EAB3 /* WalletSDKDemoTests.xctest */ = {isa = PBXFileReference; explicitFileType = wrapper.cfbundle; includeInIndex = 0; path = WalletSDKDemoTests.xctest; sourceTree = BUILT_PRODUCTS_DIR; };
		9747228E20EDE9FA00F9EAB3 /* walletTests.m */ = {isa = PBXFileReference; lastKnownFileType = sourcecode.c.objc; path = walletTests.m; sourceTree = "<group>"; };
		9747229020EDE9FA00F9EAB3 /* Info.plist */ = {isa = PBXFileReference; lastKnownFileType = text.plist.xml; path = Info.plist; sourceTree = "<group>"; };
		9747229520EDE9FA00F9EAB3 /* WalletSDKDemoUITests.xctest */ = {isa = PBXFileReference; explicitFileType = wrapper.cfbundle; includeInIndex = 0; path = WalletSDKDemoUITests.xctest; sourceTree = BUILT_PRODUCTS_DIR; };
		9747229920EDE9FA00F9EAB3 /* walletUITests.m */ = {isa = PBXFileReference; lastKnownFileType = sourcecode.c.objc; path = walletUITests.m; sourceTree = "<group>"; };
		9747229B20EDE9FA00F9EAB3 /* Info.plist */ = {isa = PBXFileReference; lastKnownFileType = text.plist.xml; path = Info.plist; sourceTree = "<group>"; };
		9757474F220054D90046C8A0 /* walletSDK.framework */ = {isa = PBXFileReference; explicitFileType = wrapper.framework; path = walletSDK.framework; sourceTree = BUILT_PRODUCTS_DIR; };
		975747552200573E0046C8A0 /* WebViewVC.h */ = {isa = PBXFileReference; lastKnownFileType = sourcecode.c.h; path = WebViewVC.h; sourceTree = "<group>"; };
		975747562200573E0046C8A0 /* WebViewVC.m */ = {isa = PBXFileReference; lastKnownFileType = sourcecode.c.objc; path = WebViewVC.m; sourceTree = "<group>"; };
		975747572200573E0046C8A0 /* WebViewVC.xib */ = {isa = PBXFileReference; lastKnownFileType = file.xib; path = WebViewVC.xib; sourceTree = "<group>"; };
		9773F84D2213B22B00DF5972 /* WalletSDKBundle.bundle */ = {isa = PBXFileReference; lastKnownFileType = "wrapper.plug-in"; path = WalletSDKBundle.bundle; sourceTree = "<group>"; };
		9773F86022140EFE00DF5972 /* WalletSDK.xcodeproj */ = {isa = PBXFileReference; lastKnownFileType = "wrapper.pb-project"; name = WalletSDK.xcodeproj; path = WalletSDK/WalletSDK.xcodeproj; sourceTree = "<group>"; };
/* End PBXFileReference section */

/* Begin PBXFrameworksBuildPhase section */
		9747226F20EDE9F800F9EAB3 /* Frameworks */ = {
			isa = PBXFrameworksBuildPhase;
			buildActionMask = 2147483647;
			files = (
				9773F86C22140F1D00DF5972 /* WalletSDK.framework in Frameworks */,
			);
			runOnlyForDeploymentPostprocessing = 0;
		};
		9747228720EDE9FA00F9EAB3 /* Frameworks */ = {
			isa = PBXFrameworksBuildPhase;
			buildActionMask = 2147483647;
			files = (
			);
			runOnlyForDeploymentPostprocessing = 0;
		};
		9747229220EDE9FA00F9EAB3 /* Frameworks */ = {
			isa = PBXFrameworksBuildPhase;
			buildActionMask = 2147483647;
			files = (
			);
			runOnlyForDeploymentPostprocessing = 0;
		};
/* End PBXFrameworksBuildPhase section */

/* Begin PBXGroup section */
		971B3E1921E6000B007845F0 /* Modules */ = {
			isa = PBXGroup;
			children = (
				97468F2A2201CBE30092DF07 /* Server */,
				97574754220056FB0046C8A0 /* JS */,
				971B3E1A21E6000B007845F0 /* WalletDetail */,
				971B3E2421E6000B007845F0 /* Creat */,
				971B3E2821E6000B007845F0 /* Transfer */,
				971B3E2C21E6000B007845F0 /* Recover */,
			);
			path = Modules;
			sourceTree = "<group>";
		};
		971B3E1A21E6000B007845F0 /* WalletDetail */ = {
			isa = PBXGroup;
			children = (
				971B3E2021E6000B007845F0 /* WalletMoreInfoVC.h */,
				971B3E1D21E6000B007845F0 /* WalletMoreInfoVC.m */,
				971B3E1E21E6000B007845F0 /* WalletMoreInfoVC.xib */,
				971B3E2121E6000B007845F0 /* WalletDetailVC.h */,
				971B3E1C21E6000B007845F0 /* WalletDetailVC.m */,
				971B3E1F21E6000B007845F0 /* WalletDetailVC.xib */,
				971B3E2221E6000B007845F0 /* WalletChangePWVC.h */,
				971B3E1B21E6000B007845F0 /* WalletChangePWVC.m */,
				971B3E2321E6000B007845F0 /* WalletChangePWVC.xib */,
			);
			path = WalletDetail;
			sourceTree = "<group>";
		};
		971B3E2421E6000B007845F0 /* Creat */ = {
			isa = PBXGroup;
			children = (
				971B3E2721E6000B007845F0 /* WalletCreatVC.h */,
				971B3E2521E6000B007845F0 /* WalletCreatVC.m */,
				971B3E2621E6000B007845F0 /* WalletCreatVC.xib */,
			);
			path = Creat;
			sourceTree = "<group>";
		};
		971B3E2821E6000B007845F0 /* Transfer */ = {
			isa = PBXGroup;
			children = (
				971B3E2B21E6000B007845F0 /* WalletTransferVC.h */,
				971B3E2A21E6000B007845F0 /* WalletTransferVC.m */,
				971B3E2921E6000B007845F0 /* WalletTransferVC.xib */,
			);
			path = Transfer;
			sourceTree = "<group>";
		};
		971B3E2C21E6000B007845F0 /* Recover */ = {
			isa = PBXGroup;
			children = (
				971B3E2D21E6000B007845F0 /* WalletKeystoreImportVC.h */,
				971B3E3421E6000B007845F0 /* WalletKeystoreImportVC.m */,
				971B3E3121E6000B007845F0 /* WalletKeystoreImportVC.xib */,
				971B3E2E21E6000B007845F0 /* WalletRecoverMainVC.h */,
				971B3E3321E6000B007845F0 /* WalletRecoverMainVC.m */,
				971B3E2F21E6000B007845F0 /* WalletRecoverMainVC.xib */,
				971B3E3021E6000B007845F0 /* WalletMnemonicImportVC.h */,
				971B3E3521E6000B007845F0 /* WalletMnemonicImportVC.m */,
				971B3E3221E6000B007845F0 /* WalletMnemonicImportVC.xib */,
			);
			path = Recover;
			sourceTree = "<group>";
		};
		971B3E4621E60044007845F0 /* ThirdParty */ = {
			isa = PBXGroup;
			children = (
				9773F86022140EFE00DF5972 /* WalletSDK.xcodeproj */,
			);
			path = ThirdParty;
			sourceTree = "<group>";
		};
		97468F2A2201CBE30092DF07 /* Server */ = {
			isa = PBXGroup;
			children = (
				97468F302201CBE30092DF07 /* WalletAddServerVC.h */,
				97468F2B2201CBE30092DF07 /* WalletAddServerVC.m */,
				97468F2C2201CBE30092DF07 /* WalletAddNetVC.xib */,
				97468F2D2201CBE30092DF07 /* WalletCoverView.h */,
				97468F2F2201CBE30092DF07 /* WalletCoverView.m */,
				97468F2E2201CBE30092DF07 /* WalletServerDetailVC.h */,
				97468F322201CBE30092DF07 /* WalletServerDetailVC.m */,
				97468F312201CBE30092DF07 /* WalletServerDetailVC.xib */,
			);
			path = Server;
			sourceTree = "<group>";
		};
		9747226920EDE9F800F9EAB3 = {
			isa = PBXGroup;
			children = (
				9747227420EDE9F800F9EAB3 /* Wallet */,
				9747228D20EDE9FA00F9EAB3 /* WalletTests */,
				9747229820EDE9FA00F9EAB3 /* WalletUITests */,
				9747227320EDE9F800F9EAB3 /* Products */,
				975DAE27212159340094D6F8 /* Frameworks */,
			);
			sourceTree = "<group>";
		};
		9747227320EDE9F800F9EAB3 /* Products */ = {
			isa = PBXGroup;
			children = (
				9747227220EDE9F800F9EAB3 /* WalletSDKDemo.app */,
				9747228A20EDE9FA00F9EAB3 /* WalletSDKDemoTests.xctest */,
				9747229520EDE9FA00F9EAB3 /* WalletSDKDemoUITests.xctest */,
			);
			name = Products;
			sourceTree = "<group>";
		};
		9747227420EDE9F800F9EAB3 /* Wallet */ = {
			isa = PBXGroup;
			children = (
				9773F84D2213B22B00DF5972 /* WalletSDKBundle.bundle */,
				971B3E4621E60044007845F0 /* ThirdParty */,
				971B3E1921E6000B007845F0 /* Modules */,
				9747227520EDE9F800F9EAB3 /* AppDelegate.h */,
				9747227620EDE9F800F9EAB3 /* AppDelegate.m */,
				9747227820EDE9F800F9EAB3 /* ViewController.h */,
				9747227920EDE9F800F9EAB3 /* ViewController.m */,
				9747227B20EDE9F800F9EAB3 /* Main.storyboard */,
				9747227E20EDE9FA00F9EAB3 /* Assets.xcassets */,
				9747228020EDE9FA00F9EAB3 /* LaunchScreen.storyboard */,
				9747228320EDE9FA00F9EAB3 /* Info.plist */,
				9747228420EDE9FA00F9EAB3 /* main.m */,
			);
			path = Wallet;
			sourceTree = "<group>";
		};
		9747228D20EDE9FA00F9EAB3 /* WalletTests */ = {
			isa = PBXGroup;
			children = (
				9747228E20EDE9FA00F9EAB3 /* walletTests.m */,
				9747229020EDE9FA00F9EAB3 /* Info.plist */,
			);
			path = WalletTests;
			sourceTree = "<group>";
		};
		9747229820EDE9FA00F9EAB3 /* WalletUITests */ = {
			isa = PBXGroup;
			children = (
				9747229920EDE9FA00F9EAB3 /* walletUITests.m */,
				9747229B20EDE9FA00F9EAB3 /* Info.plist */,
			);
			path = WalletUITests;
			sourceTree = "<group>";
		};
		97574754220056FB0046C8A0 /* JS */ = {
			isa = PBXGroup;
			children = (
				975747552200573E0046C8A0 /* WebViewVC.h */,
				975747562200573E0046C8A0 /* WebViewVC.m */,
				975747572200573E0046C8A0 /* WebViewVC.xib */,
			);
			path = JS;
			sourceTree = "<group>";
		};
		975DAE27212159340094D6F8 /* Frameworks */ = {
			isa = PBXGroup;
			children = (
				9757474F220054D90046C8A0 /* walletSDK.framework */,
			);
			name = Frameworks;
			sourceTree = "<group>";
		};
		9773F86122140EFE00DF5972 /* Products */ = {
			isa = PBXGroup;
			children = (
				9773F86722140EFE00DF5972 /* WalletSDK.framework */,
				9773F86922140EFE00DF5972 /* WalletSDKTests.xctest */,
				9773F86B22140EFE00DF5972 /* WalletSDKBundle.bundle */,
			);
			name = Products;
			sourceTree = "<group>";
		};
/* End PBXGroup section */

/* Begin PBXNativeTarget section */
		9747227120EDE9F800F9EAB3 /* WalletSDKDemo */ = {
			isa = PBXNativeTarget;
			buildConfigurationList = 9747229E20EDE9FA00F9EAB3 /* Build configuration list for PBXNativeTarget "WalletSDKDemo" */;
			buildPhases = (
				9747226E20EDE9F800F9EAB3 /* Sources */,
				9747226F20EDE9F800F9EAB3 /* Frameworks */,
				9747227020EDE9F800F9EAB3 /* Resources */,
			);
			buildRules = (
			);
			dependencies = (
			);
			name = WalletSDKDemo;
			productName = wallet;
			productReference = 9747227220EDE9F800F9EAB3 /* WalletSDKDemo.app */;
			productType = "com.apple.product-type.application";
		};
		9747228920EDE9FA00F9EAB3 /* WalletSDKDemoTests */ = {
			isa = PBXNativeTarget;
			buildConfigurationList = 974722A120EDE9FA00F9EAB3 /* Build configuration list for PBXNativeTarget "WalletSDKDemoTests" */;
			buildPhases = (
				9747228620EDE9FA00F9EAB3 /* Sources */,
				9747228720EDE9FA00F9EAB3 /* Frameworks */,
				9747228820EDE9FA00F9EAB3 /* Resources */,
			);
			buildRules = (
			);
			dependencies = (
				9747228C20EDE9FA00F9EAB3 /* PBXTargetDependency */,
			);
			name = WalletSDKDemoTests;
			productName = walletTests;
			productReference = 9747228A20EDE9FA00F9EAB3 /* WalletSDKDemoTests.xctest */;
			productType = "com.apple.product-type.bundle.unit-test";
		};
		9747229420EDE9FA00F9EAB3 /* WalletSDKDemoUITests */ = {
			isa = PBXNativeTarget;
			buildConfigurationList = 974722A420EDE9FA00F9EAB3 /* Build configuration list for PBXNativeTarget "WalletSDKDemoUITests" */;
			buildPhases = (
				9747229120EDE9FA00F9EAB3 /* Sources */,
				9747229220EDE9FA00F9EAB3 /* Frameworks */,
				9747229320EDE9FA00F9EAB3 /* Resources */,
			);
			buildRules = (
			);
			dependencies = (
				9747229720EDE9FA00F9EAB3 /* PBXTargetDependency */,
			);
			name = WalletSDKDemoUITests;
			productName = walletUITests;
			productReference = 9747229520EDE9FA00F9EAB3 /* WalletSDKDemoUITests.xctest */;
			productType = "com.apple.product-type.bundle.ui-testing";
		};
/* End PBXNativeTarget section */

/* Begin PBXProject section */
		9747226A20EDE9F800F9EAB3 /* Project object */ = {
			isa = PBXProject;
			attributes = {
				LastUpgradeCheck = 0940;
				ORGANIZATIONNAME = demo;
				TargetAttributes = {
					9747227120EDE9F800F9EAB3 = {
						CreatedOnToolsVersion = 9.4.1;
					};
					9747228920EDE9FA00F9EAB3 = {
						CreatedOnToolsVersion = 9.4.1;
						TestTargetID = 9747227120EDE9F800F9EAB3;
					};
					9747229420EDE9FA00F9EAB3 = {
						CreatedOnToolsVersion = 9.4.1;
						TestTargetID = 9747227120EDE9F800F9EAB3;
					};
				};
			};
			buildConfigurationList = 9747226D20EDE9F800F9EAB3 /* Build configuration list for PBXProject "WalletSDKDemo" */;
			compatibilityVersion = "Xcode 9.3";
			developmentRegion = en;
			hasScannedForEncodings = 0;
			knownRegions = (
				en,
				Base,
			);
			mainGroup = 9747226920EDE9F800F9EAB3;
			productRefGroup = 9747227320EDE9F800F9EAB3 /* Products */;
			projectDirPath = "";
			projectReferences = (
				{
					ProductGroup = 9773F86122140EFE00DF5972 /* Products */;
					ProjectRef = 9773F86022140EFE00DF5972 /* WalletSDK.xcodeproj */;
				},
			);
			projectRoot = "";
			targets = (
				9747227120EDE9F800F9EAB3 /* WalletSDKDemo */,
				9747228920EDE9FA00F9EAB3 /* WalletSDKDemoTests */,
				9747229420EDE9FA00F9EAB3 /* WalletSDKDemoUITests */,
			);
		};
/* End PBXProject section */

/* Begin PBXReferenceProxy section */
		9773F86722140EFE00DF5972 /* WalletSDK.framework */ = {
			isa = PBXReferenceProxy;
			fileType = wrapper.framework;
			path = WalletSDK.framework;
			remoteRef = 9773F86622140EFE00DF5972 /* PBXContainerItemProxy */;
			sourceTree = BUILT_PRODUCTS_DIR;
		};
		9773F86922140EFE00DF5972 /* WalletSDKTests.xctest */ = {
			isa = PBXReferenceProxy;
			fileType = wrapper.cfbundle;
			path = WalletSDKTests.xctest;
			remoteRef = 9773F86822140EFE00DF5972 /* PBXContainerItemProxy */;
			sourceTree = BUILT_PRODUCTS_DIR;
		};
		9773F86B22140EFE00DF5972 /* WalletSDKBundle.bundle */ = {
			isa = PBXReferenceProxy;
			fileType = wrapper.cfbundle;
			path = WalletSDKBundle.bundle;
			remoteRef = 9773F86A22140EFE00DF5972 /* PBXContainerItemProxy */;
			sourceTree = BUILT_PRODUCTS_DIR;
		};
/* End PBXReferenceProxy section */

/* Begin PBXResourcesBuildPhase section */
		9747227020EDE9F800F9EAB3 /* Resources */ = {
			isa = PBXResourcesBuildPhase;
			buildActionMask = 2147483647;
			files = (
				971B3E3A21E6000B007845F0 /* WalletDetailVC.xib in Resources */,
				9747228220EDE9FA00F9EAB3 /* LaunchScreen.storyboard in Resources */,
				971B3E3B21E6000B007845F0 /* WalletChangePWVC.xib in Resources */,
				9773F8512213B22B00DF5972 /* WalletSDKBundle.bundle in Resources */,
				971B3E3D21E6000B007845F0 /* WalletCreatVC.xib in Resources */,
				971B3E4021E6000B007845F0 /* WalletRecoverMainVC.xib in Resources */,
				971B3E4221E6000B007845F0 /* WalletMnemonicImportVC.xib in Resources */,
				9747227F20EDE9FA00F9EAB3 /* Assets.xcassets in Resources */,
				971B3E3E21E6000B007845F0 /* WalletTransferVC.xib in Resources */,
				97468F372201CBE30092DF07 /* WalletAddNetVC.xib in Resources */,
				97468F392201CBE30092DF07 /* WalletServerDetailVC.xib in Resources */,
				971B3E3921E6000B007845F0 /* WalletMoreInfoVC.xib in Resources */,
				9747227D20EDE9F800F9EAB3 /* Main.storyboard in Resources */,
				975747592200573E0046C8A0 /* WebViewVC.xib in Resources */,
				971B3E4121E6000B007845F0 /* WalletKeystoreImportVC.xib in Resources */,
			);
			runOnlyForDeploymentPostprocessing = 0;
		};
		9747228820EDE9FA00F9EAB3 /* Resources */ = {
			isa = PBXResourcesBuildPhase;
			buildActionMask = 2147483647;
			files = (
			);
			runOnlyForDeploymentPostprocessing = 0;
		};
		9747229320EDE9FA00F9EAB3 /* Resources */ = {
			isa = PBXResourcesBuildPhase;
			buildActionMask = 2147483647;
			files = (
			);
			runOnlyForDeploymentPostprocessing = 0;
		};
/* End PBXResourcesBuildPhase section */

/* Begin PBXSourcesBuildPhase section */
		9747226E20EDE9F800F9EAB3 /* Sources */ = {
			isa = PBXSourcesBuildPhase;
			buildActionMask = 2147483647;
			files = (
				971B3E4321E6000B007845F0 /* WalletRecoverMainVC.m in Sources */,
				971B3E4421E6000B007845F0 /* WalletKeystoreImportVC.m in Sources */,
				971B3E3821E6000B007845F0 /* WalletMoreInfoVC.m in Sources */,
				971B3E3621E6000B007845F0 /* WalletChangePWVC.m in Sources */,
				971B3E4521E6000B007845F0 /* WalletMnemonicImportVC.m in Sources */,
				9747227A20EDE9F800F9EAB3 /* ViewController.m in Sources */,
				97468F382201CBE30092DF07 /* WalletCoverView.m in Sources */,
				9747228520EDE9FA00F9EAB3 /* main.m in Sources */,
				97468F362201CBE30092DF07 /* WalletAddServerVC.m in Sources */,
				975747582200573E0046C8A0 /* WebViewVC.m in Sources */,
				9747227720EDE9F800F9EAB3 /* AppDelegate.m in Sources */,
				971B3E3F21E6000B007845F0 /* WalletTransferVC.m in Sources */,
				971B3E3C21E6000B007845F0 /* WalletCreatVC.m in Sources */,
				971B3E3721E6000B007845F0 /* WalletDetailVC.m in Sources */,
				97468F3A2201CBE30092DF07 /* WalletServerDetailVC.m in Sources */,
			);
			runOnlyForDeploymentPostprocessing = 0;
		};
		9747228620EDE9FA00F9EAB3 /* Sources */ = {
			isa = PBXSourcesBuildPhase;
			buildActionMask = 2147483647;
			files = (
				9747228F20EDE9FA00F9EAB3 /* walletTests.m in Sources */,
			);
			runOnlyForDeploymentPostprocessing = 0;
		};
		9747229120EDE9FA00F9EAB3 /* Sources */ = {
			isa = PBXSourcesBuildPhase;
			buildActionMask = 2147483647;
			files = (
				9747229A20EDE9FA00F9EAB3 /* walletUITests.m in Sources */,
			);
			runOnlyForDeploymentPostprocessing = 0;
		};
/* End PBXSourcesBuildPhase section */

/* Begin PBXTargetDependency section */
		9747228C20EDE9FA00F9EAB3 /* PBXTargetDependency */ = {
			isa = PBXTargetDependency;
			target = 9747227120EDE9F800F9EAB3 /* WalletSDKDemo */;
			targetProxy = 9747228B20EDE9FA00F9EAB3 /* PBXContainerItemProxy */;
		};
		9747229720EDE9FA00F9EAB3 /* PBXTargetDependency */ = {
			isa = PBXTargetDependency;
			target = 9747227120EDE9F800F9EAB3 /* WalletSDKDemo */;
			targetProxy = 9747229620EDE9FA00F9EAB3 /* PBXContainerItemProxy */;
		};
/* End PBXTargetDependency section */

/* Begin PBXVariantGroup section */
		9747227B20EDE9F800F9EAB3 /* Main.storyboard */ = {
			isa = PBXVariantGroup;
			children = (
				9747227C20EDE9F800F9EAB3 /* Base */,
			);
			name = Main.storyboard;
			sourceTree = "<group>";
		};
		9747228020EDE9FA00F9EAB3 /* LaunchScreen.storyboard */ = {
			isa = PBXVariantGroup;
			children = (
				9747228120EDE9FA00F9EAB3 /* Base */,
			);
			name = LaunchScreen.storyboard;
			sourceTree = "<group>";
		};
/* End PBXVariantGroup section */

/* Begin XCBuildConfiguration section */
		9747229C20EDE9FA00F9EAB3 /* Debug */ = {
			isa = XCBuildConfiguration;
			buildSettings = {
				ALWAYS_SEARCH_USER_PATHS = NO;
				CLANG_ANALYZER_NONNULL = YES;
				CLANG_ANALYZER_NUMBER_OBJECT_CONVERSION = YES_AGGRESSIVE;
				CLANG_CXX_LANGUAGE_STANDARD = "gnu++14";
				CLANG_CXX_LIBRARY = "libc++";
				CLANG_ENABLE_MODULES = YES;
				CLANG_ENABLE_OBJC_ARC = YES;
				CLANG_ENABLE_OBJC_WEAK = YES;
				CLANG_WARN_BLOCK_CAPTURE_AUTORELEASING = YES;
				CLANG_WARN_BOOL_CONVERSION = YES;
				CLANG_WARN_COMMA = YES;
				CLANG_WARN_CONSTANT_CONVERSION = YES;
				CLANG_WARN_DEPRECATED_OBJC_IMPLEMENTATIONS = YES;
				CLANG_WARN_DIRECT_OBJC_ISA_USAGE = YES_ERROR;
				CLANG_WARN_DOCUMENTATION_COMMENTS = YES;
				CLANG_WARN_EMPTY_BODY = YES;
				CLANG_WARN_ENUM_CONVERSION = YES;
				CLANG_WARN_INFINITE_RECURSION = YES;
				CLANG_WARN_INT_CONVERSION = YES;
				CLANG_WARN_NON_LITERAL_NULL_CONVERSION = YES;
				CLANG_WARN_OBJC_IMPLICIT_RETAIN_SELF = YES;
				CLANG_WARN_OBJC_LITERAL_CONVERSION = YES;
				CLANG_WARN_OBJC_ROOT_CLASS = YES_ERROR;
				CLANG_WARN_RANGE_LOOP_ANALYSIS = YES;
				CLANG_WARN_STRICT_PROTOTYPES = YES;
				CLANG_WARN_SUSPICIOUS_MOVE = YES;
				CLANG_WARN_UNGUARDED_AVAILABILITY = YES_AGGRESSIVE;
				CLANG_WARN_UNREACHABLE_CODE = YES;
				CLANG_WARN__DUPLICATE_METHOD_MATCH = YES;
				CODE_SIGN_IDENTITY = "iPhone Developer";
				COPY_PHASE_STRIP = NO;
				DEBUG_INFORMATION_FORMAT = dwarf;
				ENABLE_STRICT_OBJC_MSGSEND = YES;
				ENABLE_TESTABILITY = YES;
				GCC_C_LANGUAGE_STANDARD = gnu11;
				GCC_DYNAMIC_NO_PIC = NO;
				GCC_NO_COMMON_BLOCKS = YES;
				GCC_OPTIMIZATION_LEVEL = 0;
				GCC_PREPROCESSOR_DEFINITIONS = (
					"DEBUG=1",
					"$(inherited)",
				);
				GCC_WARN_64_TO_32_BIT_CONVERSION = YES;
				GCC_WARN_ABOUT_RETURN_TYPE = YES_ERROR;
				GCC_WARN_UNDECLARED_SELECTOR = YES;
				GCC_WARN_UNINITIALIZED_AUTOS = YES_AGGRESSIVE;
				GCC_WARN_UNUSED_FUNCTION = YES;
				GCC_WARN_UNUSED_VARIABLE = YES;
				IPHONEOS_DEPLOYMENT_TARGET = 11.4;
				MTL_ENABLE_DEBUG_INFO = YES;
				ONLY_ACTIVE_ARCH = YES;
				SDKROOT = iphoneos;
			};
			name = Debug;
		};
		9747229D20EDE9FA00F9EAB3 /* Release */ = {
			isa = XCBuildConfiguration;
			buildSettings = {
				ALWAYS_SEARCH_USER_PATHS = NO;
				CLANG_ANALYZER_NONNULL = YES;
				CLANG_ANALYZER_NUMBER_OBJECT_CONVERSION = YES_AGGRESSIVE;
				CLANG_CXX_LANGUAGE_STANDARD = "gnu++14";
				CLANG_CXX_LIBRARY = "libc++";
				CLANG_ENABLE_MODULES = YES;
				CLANG_ENABLE_OBJC_ARC = YES;
				CLANG_ENABLE_OBJC_WEAK = YES;
				CLANG_WARN_BLOCK_CAPTURE_AUTORELEASING = YES;
				CLANG_WARN_BOOL_CONVERSION = YES;
				CLANG_WARN_COMMA = YES;
				CLANG_WARN_CONSTANT_CONVERSION = YES;
				CLANG_WARN_DEPRECATED_OBJC_IMPLEMENTATIONS = YES;
				CLANG_WARN_DIRECT_OBJC_ISA_USAGE = YES_ERROR;
				CLANG_WARN_DOCUMENTATION_COMMENTS = YES;
				CLANG_WARN_EMPTY_BODY = YES;
				CLANG_WARN_ENUM_CONVERSION = YES;
				CLANG_WARN_INFINITE_RECURSION = YES;
				CLANG_WARN_INT_CONVERSION = YES;
				CLANG_WARN_NON_LITERAL_NULL_CONVERSION = YES;
				CLANG_WARN_OBJC_IMPLICIT_RETAIN_SELF = YES;
				CLANG_WARN_OBJC_LITERAL_CONVERSION = YES;
				CLANG_WARN_OBJC_ROOT_CLASS = YES_ERROR;
				CLANG_WARN_RANGE_LOOP_ANALYSIS = YES;
				CLANG_WARN_STRICT_PROTOTYPES = YES;
				CLANG_WARN_SUSPICIOUS_MOVE = YES;
				CLANG_WARN_UNGUARDED_AVAILABILITY = YES_AGGRESSIVE;
				CLANG_WARN_UNREACHABLE_CODE = YES;
				CLANG_WARN__DUPLICATE_METHOD_MATCH = YES;
				CODE_SIGN_IDENTITY = "iPhone Developer";
				COPY_PHASE_STRIP = NO;
				DEBUG_INFORMATION_FORMAT = "dwarf-with-dsym";
				ENABLE_NS_ASSERTIONS = NO;
				ENABLE_STRICT_OBJC_MSGSEND = YES;
				GCC_C_LANGUAGE_STANDARD = gnu11;
				GCC_NO_COMMON_BLOCKS = YES;
				GCC_WARN_64_TO_32_BIT_CONVERSION = YES;
				GCC_WARN_ABOUT_RETURN_TYPE = YES_ERROR;
				GCC_WARN_UNDECLARED_SELECTOR = YES;
				GCC_WARN_UNINITIALIZED_AUTOS = YES_AGGRESSIVE;
				GCC_WARN_UNUSED_FUNCTION = YES;
				GCC_WARN_UNUSED_VARIABLE = YES;
				IPHONEOS_DEPLOYMENT_TARGET = 11.4;
				MTL_ENABLE_DEBUG_INFO = NO;
				SDKROOT = iphoneos;
				VALIDATE_PRODUCT = YES;
			};
			name = Release;
		};
		9747229F20EDE9FA00F9EAB3 /* Debug */ = {
			isa = XCBuildConfiguration;
			buildSettings = {
				ASSETCATALOG_COMPILER_APPICON_NAME = AppIcon;
				CODE_SIGN_IDENTITY = "iPhone Developer";
				CODE_SIGN_STYLE = Automatic;
				DEVELOPMENT_TEAM = 77V6USKBYW;
				ENABLE_BITCODE = NO;
				FRAMEWORK_SEARCH_PATHS = (
					"$(inherited)",
					"$(PROJECT_DIR)/wallet",
					"$(PROJECT_DIR)",
				);
				INFOPLIST_FILE = wallet/Info.plist;
				IPHONEOS_DEPLOYMENT_TARGET = 10.3;
				LD_RUNPATH_SEARCH_PATHS = (
					"$(inherited)",
					"@executable_path/Frameworks",
				);
				ONLY_ACTIVE_ARCH = NO;
				OTHER_LDFLAGS = "-ObjC";
				PRODUCT_BUNDLE_IDENTIFIER = com.vechain.walletDemo;
				PRODUCT_NAME = "$(TARGET_NAME)";
				PROVISIONING_PROFILE_SPECIFIER = "";
				TARGETED_DEVICE_FAMILY = "1,2";
				VALID_ARCHS = "armv7s armv7 arm64e arm64";
			};
			name = Debug;
		};
		974722A020EDE9FA00F9EAB3 /* Release */ = {
			isa = XCBuildConfiguration;
			buildSettings = {
				ASSETCATALOG_COMPILER_APPICON_NAME = AppIcon;
				CODE_SIGN_IDENTITY = "iPhone Developer";
				CODE_SIGN_STYLE = Automatic;
				DEVELOPMENT_TEAM = 77V6USKBYW;
				ENABLE_BITCODE = NO;
				FRAMEWORK_SEARCH_PATHS = (
					"$(inherited)",
					"$(PROJECT_DIR)/wallet",
					"$(PROJECT_DIR)",
				);
				INFOPLIST_FILE = wallet/Info.plist;
				IPHONEOS_DEPLOYMENT_TARGET = 10.3;
				LD_RUNPATH_SEARCH_PATHS = (
					"$(inherited)",
					"@executable_path/Frameworks",
				);
				ONLY_ACTIVE_ARCH = NO;
				OTHER_LDFLAGS = "-ObjC";
				PRODUCT_BUNDLE_IDENTIFIER = com.vechain.walletDemo;
				PRODUCT_NAME = "$(TARGET_NAME)";
				PROVISIONING_PROFILE_SPECIFIER = "";
				TARGETED_DEVICE_FAMILY = "1,2";
				VALID_ARCHS = "armv7s armv7 arm64e arm64";
			};
			name = Release;
		};
		974722A220EDE9FA00F9EAB3 /* Debug */ = {
			isa = XCBuildConfiguration;
			buildSettings = {
				BUNDLE_LOADER = "$(TEST_HOST)";
				CODE_SIGN_STYLE = Automatic;
				DEVELOPMENT_TEAM = G687LKP7Q7;
				INFOPLIST_FILE = walletTests/Info.plist;
				LD_RUNPATH_SEARCH_PATHS = (
					"$(inherited)",
					"@executable_path/Frameworks",
					"@loader_path/Frameworks",
				);
				PRODUCT_BUNDLE_IDENTIFIER = vechain.walletTests;
				PRODUCT_NAME = "$(TARGET_NAME)";
				TARGETED_DEVICE_FAMILY = "1,2";
				TEST_HOST = "$(BUILT_PRODUCTS_DIR)/WalletSDKDemo.temp_caseinsensitive_rename.temp_caseinsensitive_rename.temp_caseinsensitive_rename.app/WalletSDKDemo.temp_caseinsensitive_rename.temp_caseinsensitive_rename.temp_caseinsensitive_rename";
			};
			name = Debug;
		};
		974722A320EDE9FA00F9EAB3 /* Release */ = {
			isa = XCBuildConfiguration;
			buildSettings = {
				BUNDLE_LOADER = "$(TEST_HOST)";
				CODE_SIGN_STYLE = Automatic;
				DEVELOPMENT_TEAM = G687LKP7Q7;
				INFOPLIST_FILE = walletTests/Info.plist;
				LD_RUNPATH_SEARCH_PATHS = (
					"$(inherited)",
					"@executable_path/Frameworks",
					"@loader_path/Frameworks",
				);
				PRODUCT_BUNDLE_IDENTIFIER = vechain.walletTests;
				PRODUCT_NAME = "$(TARGET_NAME)";
				TARGETED_DEVICE_FAMILY = "1,2";
				TEST_HOST = "$(BUILT_PRODUCTS_DIR)/WalletSDKDemo.temp_caseinsensitive_rename.temp_caseinsensitive_rename.temp_caseinsensitive_rename.app/WalletSDKDemo.temp_caseinsensitive_rename.temp_caseinsensitive_rename.temp_caseinsensitive_rename";
			};
			name = Release;
		};
		974722A520EDE9FA00F9EAB3 /* Debug */ = {
			isa = XCBuildConfiguration;
			buildSettings = {
				CODE_SIGN_STYLE = Automatic;
				DEVELOPMENT_TEAM = G687LKP7Q7;
				INFOPLIST_FILE = walletUITests/Info.plist;
				LD_RUNPATH_SEARCH_PATHS = (
					"$(inherited)",
					"@executable_path/Frameworks",
					"@loader_path/Frameworks",
				);
				PRODUCT_BUNDLE_IDENTIFIER = vechain.walletUITests;
				PRODUCT_NAME = "$(TARGET_NAME)";
				TARGETED_DEVICE_FAMILY = "1,2";
				TEST_TARGET_NAME = wallet;
			};
			name = Debug;
		};
		974722A620EDE9FA00F9EAB3 /* Release */ = {
			isa = XCBuildConfiguration;
			buildSettings = {
				CODE_SIGN_STYLE = Automatic;
				DEVELOPMENT_TEAM = G687LKP7Q7;
				INFOPLIST_FILE = walletUITests/Info.plist;
				LD_RUNPATH_SEARCH_PATHS = (
					"$(inherited)",
					"@executable_path/Frameworks",
					"@loader_path/Frameworks",
				);
				PRODUCT_BUNDLE_IDENTIFIER = vechain.walletUITests;
				PRODUCT_NAME = "$(TARGET_NAME)";
				TARGETED_DEVICE_FAMILY = "1,2";
				TEST_TARGET_NAME = wallet;
			};
			name = Release;
		};
/* End XCBuildConfiguration section */

/* Begin XCConfigurationList section */
		9747226D20EDE9F800F9EAB3 /* Build configuration list for PBXProject "WalletSDKDemo" */ = {
			isa = XCConfigurationList;
			buildConfigurations = (
				9747229C20EDE9FA00F9EAB3 /* Debug */,
				9747229D20EDE9FA00F9EAB3 /* Release */,
			);
			defaultConfigurationIsVisible = 0;
			defaultConfigurationName = Release;
		};
		9747229E20EDE9FA00F9EAB3 /* Build configuration list for PBXNativeTarget "WalletSDKDemo" */ = {
			isa = XCConfigurationList;
			buildConfigurations = (
				9747229F20EDE9FA00F9EAB3 /* Debug */,
				974722A020EDE9FA00F9EAB3 /* Release */,
			);
			defaultConfigurationIsVisible = 0;
			defaultConfigurationName = Release;
		};
		974722A120EDE9FA00F9EAB3 /* Build configuration list for PBXNativeTarget "WalletSDKDemoTests" */ = {
			isa = XCConfigurationList;
			buildConfigurations = (
				974722A220EDE9FA00F9EAB3 /* Debug */,
				974722A320EDE9FA00F9EAB3 /* Release */,
			);
			defaultConfigurationIsVisible = 0;
			defaultConfigurationName = Release;
		};
		974722A420EDE9FA00F9EAB3 /* Build configuration list for PBXNativeTarget "WalletSDKDemoUITests" */ = {
			isa = XCConfigurationList;
			buildConfigurations = (
				974722A520EDE9FA00F9EAB3 /* Debug */,
				974722A620EDE9FA00F9EAB3 /* Release */,
			);
			defaultConfigurationIsVisible = 0;
			defaultConfigurationName = Release;
		};
/* End XCConfigurationList section */
	};
	rootObject = 9747226A20EDE9F800F9EAB3 /* Project object */;
}
